
Microsoft Visual Studio Solution File, Format Version 12.00
# Visual Studio Version 17
VisualStudioVersion = 17.5.33627.172
MinimumVisualStudioVersion = 10.0.40219.1
Project("{FAE04EC0-301F-11D3-BF4B-00C04F79EFBC}") = "HelloWorldApp", "HelloWorldApp\HelloWorldApp.csproj", "{BC1E07B0-76DB-4291-ADD2-4EF3574FDEDD}"
EndProject
Global
	GlobalSection(SolutionConfigurationPlatforms) = preSolution
		Debug|Any CPU = Debug|Any CPU
		Release|Any CPU = Release|Any CPU
	EndGlobalSection
	GlobalSection(ProjectConfigurationPlatforms) = postSolution
		{BC1E07B0-76DB-4291-ADD2-4EF3574FDEDD}.Debug|Any CPU.ActiveCfg = Debug|Any CPU
		{BC1E07B0-76DB-4291-ADD2-4EF3574FDEDD}.Debug|Any CPU.Build.0 = Debug|Any CPU
		{BC1E07B0-76DB-4291-ADD2-4EF3574FDEDD}.Release|Any CPU.ActiveCfg = Release|Any CPU
		{BC1E07B0-76DB-4291-ADD2-4EF3574FDEDD}.Release|Any CPU.Build.0 = Release|Any CPU
	EndGlobalSection
	GlobalSection(SolutionProperties) = preSolution
		HideSolutionNode = FALSE
	EndGlobalSection
	GlobalSection(ExtensibilityGlobals) = postSolution
		SolutionGuid = {ADD14006-AD87-45EF-B7DC-2B39C3CF80AE}
	EndGlobalSection
EndGlobal
